
Microsoft Visual Studio Solution File, Format Version 9.00
# Visual Studio 2005
Project("{FAE04EC0-301F-11D3-BF4B-00C04F79EFBC}") = "SimpleRulesProcessor", "SimpleRulesProcessor.csproj", "{131FA643-269E-4CEF-B00A-7BB0C0BC0E25}"
EndProject
Project("{FAE04EC0-301F-11D3-BF4B-00C04F79EFBC}") = "StepComponentBase", "..\StepComponentBase\StepComponentBase.csproj", "{45980D79-B267-4E94-B08B-B5C5D00A3D2F}"
EndProject
Project("{FAE04EC0-301F-11D3-BF4B-00C04F79EFBC}") = "SimpleRulesProcess", "..\SimpleRulesProcess\SimpleRulesProcess.csproj", "{4B49580F-458A-4BA4-A7AA-348A925A665F}"
EndProject
Project("{FAE04EC0-301F-11D3-BF4B-00C04F79EFBC}") = "SimpleRulesDate", "..\SimpleRulesDate\SimpleRulesDate.csproj", "{12769703-E158-4D35-87C1-C517E70BAB94}"
EndProject
Project("{FAE04EC0-301F-11D3-BF4B-00C04F79EFBC}") = "SimpleRulesBoolean", "..\SimpleRulesBoolean\SimpleRulesBoolean.csproj", "{30416B38-2825-4426-940B-68D2E177EF64}"
EndProject
Project("{FAE04EC0-301F-11D3-BF4B-00C04F79EFBC}") = "SimpleRulesBase", "..\SimpleRulesBase\SimpleRulesBase.csproj", "{72AC703E-B13E-421D-ABA0-E5ACA1F9238D}"
EndProject
Project("{FAE04EC0-301F-11D3-BF4B-00C04F79EFBC}") = "SimpleRulesString", "..\SimpleRulesString\SimpleRulesString.csproj", "{DC9553B3-AE09-4575-9AAE-96098C65A3A9}"
EndProject
Project("{FAE04EC0-301F-11D3-BF4B-00C04F79EFBC}") = "SimpleRulesInteger", "..\SimpleRulesInteger\SimpleRulesInteger.csproj", "{65F57DBB-3EAA-4458-8138-8C4B6ABDC01B}"
EndProject
Project("{FAE04EC0-301F-11D3-BF4B-00C04F79EFBC}") = "SimpleRulesFloat", "..\SimpleRulesFloat\SimpleRulesFloat.csproj", "{CFBDE36E-62DF-4603-84C7-22701C91C0CE}"
EndProject
Project("{FAE04EC0-301F-11D3-BF4B-00C04F79EFBC}") = "SimpleRulesOnyx", "..\SimpleRulesOnyx\SimpleRulesOnyx.csproj", "{BF3BED6D-6857-4134-A5BB-9304B20EF4D9}"
EndProject
Project("{FAE04EC0-301F-11D3-BF4B-00C04F79EFBC}") = "StepComponentTemplate", "..\StepComponentTemplate\StepComponentTemplate.csproj", "{C8F7794F-7473-4C4A-84EE-C5A44928FF61}"
EndProject
Project("{FAE04EC0-301F-11D3-BF4B-00C04F79EFBC}") = "SimpleRulesFile", "..\SimpleRulesFile\SimpleRulesFile.csproj", "{B592F9BB-6DA3-43AC-ADC6-B13412502704}"
EndProject
Project("{FAE04EC0-301F-11D3-BF4B-00C04F79EFBC}") = "SimpleRulesData", "..\SimpleRulesData\SimpleRulesData.csproj", "{4DA3637F-9D20-4B34-9F49-4620A984CE13}"
EndProject
Global
	GlobalSection(SolutionConfigurationPlatforms) = preSolution
		Debug|Any CPU = Debug|Any CPU
		Release|Any CPU = Release|Any CPU
	EndGlobalSection
	GlobalSection(ProjectConfigurationPlatforms) = postSolution
		{131FA643-269E-4CEF-B00A-7BB0C0BC0E25}.Debug|Any CPU.ActiveCfg = Debug|Any CPU
		{131FA643-269E-4CEF-B00A-7BB0C0BC0E25}.Debug|Any CPU.Build.0 = Debug|Any CPU
		{131FA643-269E-4CEF-B00A-7BB0C0BC0E25}.Release|Any CPU.ActiveCfg = Release|Any CPU
		{131FA643-269E-4CEF-B00A-7BB0C0BC0E25}.Release|Any CPU.Build.0 = Release|Any CPU
		{45980D79-B267-4E94-B08B-B5C5D00A3D2F}.Debug|Any CPU.ActiveCfg = Debug|Any CPU
		{45980D79-B267-4E94-B08B-B5C5D00A3D2F}.Debug|Any CPU.Build.0 = Debug|Any CPU
		{45980D79-B267-4E94-B08B-B5C5D00A3D2F}.Release|Any CPU.ActiveCfg = Release|Any CPU
		{45980D79-B267-4E94-B08B-B5C5D00A3D2F}.Release|Any CPU.Build.0 = Release|Any CPU
		{4B49580F-458A-4BA4-A7AA-348A925A665F}.Debug|Any CPU.ActiveCfg = Debug|Any CPU
		{4B49580F-458A-4BA4-A7AA-348A925A665F}.Debug|Any CPU.Build.0 = Debug|Any CPU
		{4B49580F-458A-4BA4-A7AA-348A925A665F}.Release|Any CPU.ActiveCfg = Release|Any CPU
		{4B49580F-458A-4BA4-A7AA-348A925A665F}.Release|Any CPU.Build.0 = Release|Any CPU
		{12769703-E158-4D35-87C1-C517E70BAB94}.Debug|Any CPU.ActiveCfg = Debug|Any CPU
		{12769703-E158-4D35-87C1-C517E70BAB94}.Debug|Any CPU.Build.0 = Debug|Any CPU
		{12769703-E158-4D35-87C1-C517E70BAB94}.Release|Any CPU.ActiveCfg = Release|Any CPU
		{12769703-E158-4D35-87C1-C517E70BAB94}.Release|Any CPU.Build.0 = Release|Any CPU
		{30416B38-2825-4426-940B-68D2E177EF64}.Debug|Any CPU.ActiveCfg = Debug|Any CPU
		{30416B38-2825-4426-940B-68D2E177EF64}.Debug|Any CPU.Build.0 = Debug|Any CPU
		{30416B38-2825-4426-940B-68D2E177EF64}.Release|Any CPU.ActiveCfg = Release|Any CPU
		{30416B38-2825-4426-940B-68D2E177EF64}.Release|Any CPU.Build.0 = Release|Any CPU
		{72AC703E-B13E-421D-ABA0-E5ACA1F9238D}.Debug|Any CPU.ActiveCfg = Debug|Any CPU
		{72AC703E-B13E-421D-ABA0-E5ACA1F9238D}.Debug|Any CPU.Build.0 = Debug|Any CPU
		{72AC703E-B13E-421D-ABA0-E5ACA1F9238D}.Release|Any CPU.ActiveCfg = Release|Any CPU
		{72AC703E-B13E-421D-ABA0-E5ACA1F9238D}.Release|Any CPU.Build.0 = Release|Any CPU
		{DC9553B3-AE09-4575-9AAE-96098C65A3A9}.Debug|Any CPU.ActiveCfg = Debug|Any CPU
		{DC9553B3-AE09-4575-9AAE-96098C65A3A9}.Debug|Any CPU.Build.0 = Debug|Any CPU
		{DC9553B3-AE09-4575-9AAE-96098C65A3A9}.Release|Any CPU.ActiveCfg = Release|Any CPU
		{DC9553B3-AE09-4575-9AAE-96098C65A3A9}.Release|Any CPU.Build.0 = Release|Any CPU
		{65F57DBB-3EAA-4458-8138-8C4B6ABDC01B}.Debug|Any CPU.ActiveCfg = Debug|Any CPU
		{65F57DBB-3EAA-4458-8138-8C4B6ABDC01B}.Debug|Any CPU.Build.0 = Debug|Any CPU
		{65F57DBB-3EAA-4458-8138-8C4B6ABDC01B}.Release|Any CPU.ActiveCfg = Release|Any CPU
		{65F57DBB-3EAA-4458-8138-8C4B6ABDC01B}.Release|Any CPU.Build.0 = Release|Any CPU
		{CFBDE36E-62DF-4603-84C7-22701C91C0CE}.Debug|Any CPU.ActiveCfg = Debug|Any CPU
		{CFBDE36E-62DF-4603-84C7-22701C91C0CE}.Debug|Any CPU.Build.0 = Debug|Any CPU
		{CFBDE36E-62DF-4603-84C7-22701C91C0CE}.Release|Any CPU.ActiveCfg = Release|Any CPU
		{CFBDE36E-62DF-4603-84C7-22701C91C0CE}.Release|Any CPU.Build.0 = Release|Any CPU
		{BF3BED6D-6857-4134-A5BB-9304B20EF4D9}.Debug|Any CPU.ActiveCfg = Debug|Any CPU
		{BF3BED6D-6857-4134-A5BB-9304B20EF4D9}.Debug|Any CPU.Build.0 = Debug|Any CPU
		{BF3BED6D-6857-4134-A5BB-9304B20EF4D9}.Release|Any CPU.ActiveCfg = Release|Any CPU
		{BF3BED6D-6857-4134-A5BB-9304B20EF4D9}.Release|Any CPU.Build.0 = Release|Any CPU
		{C8F7794F-7473-4C4A-84EE-C5A44928FF61}.Debug|Any CPU.ActiveCfg = Debug|Any CPU
		{C8F7794F-7473-4C4A-84EE-C5A44928FF61}.Debug|Any CPU.Build.0 = Debug|Any CPU
		{C8F7794F-7473-4C4A-84EE-C5A44928FF61}.Release|Any CPU.ActiveCfg = Release|Any CPU
		{C8F7794F-7473-4C4A-84EE-C5A44928FF61}.Release|Any CPU.Build.0 = Release|Any CPU
		{B592F9BB-6DA3-43AC-ADC6-B13412502704}.Debug|Any CPU.ActiveCfg = Debug|Any CPU
		{B592F9BB-6DA3-43AC-ADC6-B13412502704}.Debug|Any CPU.Build.0 = Debug|Any CPU
		{B592F9BB-6DA3-43AC-ADC6-B13412502704}.Release|Any CPU.ActiveCfg = Release|Any CPU
		{B592F9BB-6DA3-43AC-ADC6-B13412502704}.Release|Any CPU.Build.0 = Release|Any CPU
		{4DA3637F-9D20-4B34-9F49-4620A984CE13}.Debug|Any CPU.ActiveCfg = Debug|Any CPU
		{4DA3637F-9D20-4B34-9F49-4620A984CE13}.Debug|Any CPU.Build.0 = Debug|Any CPU
		{4DA3637F-9D20-4B34-9F49-4620A984CE13}.Release|Any CPU.ActiveCfg = Release|Any CPU
		{4DA3637F-9D20-4B34-9F49-4620A984CE13}.Release|Any CPU.Build.0 = Release|Any CPU
	EndGlobalSection
	GlobalSection(SolutionProperties) = preSolution
		HideSolutionNode = FALSE
	EndGlobalSection
EndGlobal
