
Microsoft Visual Studio Solution File, Format Version 10.00
# Visual Studio 2008
Project("{999D2CB9-9277-4465-A902-1604ED3686A3}") = "OnyxOEDB", "OnyxOEDB\OnyxOEDB.smdlproj", "{50BE8402-24B6-4A14-95BD-23D5E15DC5E9}"
EndProject
Global
	GlobalSection(SolutionConfigurationPlatforms) = preSolution
		Production|Default = Production|Default
	EndGlobalSection
	GlobalSection(ProjectConfigurationPlatforms) = postSolution
		{50BE8402-24B6-4A14-95BD-23D5E15DC5E9}.Production|Default.ActiveCfg = Production
		{50BE8402-24B6-4A14-95BD-23D5E15DC5E9}.Production|Default.Build.0 = Production
		{50BE8402-24B6-4A14-95BD-23D5E15DC5E9}.Production|Default.Deploy.0 = Production
	EndGlobalSection
	GlobalSection(SolutionProperties) = preSolution
		HideSolutionNode = FALSE
	EndGlobalSection
EndGlobal
